
Microsoft Visual Studio Solution File, Format Version 12.00
# Visual Studio Version 17
VisualStudioVersion = 17.4.33205.214
MinimumVisualStudioVersion = 10.0.40219.1
Project("{9A19103F-16F7-4668-BE54-9A1E7A4F7556}") = "Data", "Data\Data.csproj", "{75A86922-4670-4420-AD90-92975E247865}"
EndProject
Project("{9A19103F-16F7-4668-BE54-9A1E7A4F7556}") = "Tools.DataExtractor", "Tools.DataExtractor\Tools.DataExtractor.csproj", "{12CED24B-1E8D-4016-BCC8-2AB1C8425317}"
EndProject
Global
	GlobalSection(SolutionConfigurationPlatforms) = preSolution
		Debug|Any CPU = Debug|Any CPU
		Release|Any CPU = Release|Any CPU
	EndGlobalSection
	GlobalSection(ProjectConfigurationPlatforms) = postSolution
		{75A86922-4670-4420-AD90-92975E247865}.Debug|Any CPU.ActiveCfg = Debug|Any CPU
		{75A86922-4670-4420-AD90-92975E247865}.Debug|Any CPU.Build.0 = Debug|Any CPU
		{75A86922-4670-4420-AD90-92975E247865}.Release|Any CPU.ActiveCfg = Release|Any CPU
		{75A86922-4670-4420-AD90-92975E247865}.Release|Any CPU.Build.0 = Release|Any CPU
		{12CED24B-1E8D-4016-BCC8-2AB1C8425317}.Debug|Any CPU.ActiveCfg = Debug|Any CPU
		{12CED24B-1E8D-4016-BCC8-2AB1C8425317}.Debug|Any CPU.Build.0 = Debug|Any CPU
		{12CED24B-1E8D-4016-BCC8-2AB1C8425317}.Release|Any CPU.ActiveCfg = Release|Any CPU
		{12CED24B-1E8D-4016-BCC8-2AB1C8425317}.Release|Any CPU.Build.0 = Release|Any CPU
	EndGlobalSection
	GlobalSection(SolutionProperties) = preSolution
		HideSolutionNode = FALSE
	EndGlobalSection
	GlobalSection(ExtensibilityGlobals) = postSolution
		SolutionGuid = {BB6D6C07-07F7-443A-AC5D-816BBF6F6BA3}
	EndGlobalSection
EndGlobal
